[[package]]
name = "absl-py"
version = "0.15.0"
description = "Abseil Python Common Libraries, see https://github.com/abseil/abseil-py."
category = "main"
optional = false
python-versions = "*"

[package.dependencies]
six = "*"

[[package]]
name = "chex"
version = "0.0.8"
description = "Chex: Testing made fun, in JAX!"
category = "main"
optional = false
python-versions = ">=3.6"

[package.dependencies]
absl-py = ">=0.9.0"
dm-tree = ">=0.1.5"
jax = ">=0.1.55"
jaxlib = ">=0.1.37"
numpy = ">=1.18.0"
toolz = ">=0.9.0"

[[package]]
name = "clip_jax"
version = "1.0"
description = ""
category = "main"
optional = false
python-versions = "*"
develop = false

[package.extras]
dev = ["pytest"]

[package.source]
type = "directory"
url = "CLIP_JAX"

[[package]]
name = "dm-tree"
version = "0.1.6"
description = "Tree is a library for working with nested data structures."
category = "main"
optional = false
python-versions = "*"

[package.dependencies]
six = ">=1.12.0"

[[package]]
name = "einops"
version = "0.3.2"
description = "A new flavour of deep learning operations"
category = "main"
optional = false
python-versions = "*"

[[package]]
name = "flatbuffers"
version = "2.0"
description = "The FlatBuffers serialization format for Python"
category = "main"
optional = false
python-versions = "*"

[[package]]
name = "ftfy"
version = "6.0.3"
description = "Fixes some problems with Unicode text after the fact"
category = "main"
optional = false
python-versions = ">=3.6"

[package.dependencies]
wcwidth = "*"

[package.extras]
docs = ["furo", "sphinx"]

[[package]]
name = "jax"
version = "0.2.24"
description = "Differentiate, compile, and transform Numpy code."
category = "main"
optional = false
python-versions = ">=3.7"

[package.dependencies]
absl-py = "*"
numpy = ">=1.18"
opt_einsum = "*"
scipy = ">=1.2.1"
typing_extensions = "*"

[package.extras]
cpu = ["jaxlib (==0.1.73)"]
cuda = ["jaxlib (==0.1.73+cuda11.cudnn82)"]
cuda11_cudnn805 = ["jaxlib (==0.1.73+cuda11.cudnn805)"]
cuda11_cudnn82 = ["jaxlib (==0.1.73+cuda11.cudnn82)"]
minimum-jaxlib = ["jaxlib (==0.1.69)"]
tpu = ["jaxlib (==0.1.73)", "libtpu-nightly (==0.1.dev20211018)", "requests"]

[[package]]
name = "jaxlib"
version = "0.1.73"
description = "XLA library for JAX"
category = "main"
optional = false
python-versions = ">=3.7"

[package.dependencies]
absl-py = "*"
flatbuffers = ">=1.12,<3.0"
numpy = ">=1.18"
scipy = "*"

[[package]]
name = "numpy"
version = "1.21.4"
description = "NumPy is the fundamental package for array computing with Python."
category = "main"
optional = false
python-versions = ">=3.7,<3.11"

[[package]]
name = "opt-einsum"
version = "3.3.0"
description = "Optimizing numpys einsum function"
category = "main"
optional = false
python-versions = ">=3.5"

[package.dependencies]
numpy = ">=1.7"

[package.extras]
docs = ["sphinx (==1.2.3)", "sphinxcontrib-napoleon", "sphinx-rtd-theme", "numpydoc"]
tests = ["pytest", "pytest-cov", "pytest-pep8"]

[[package]]
name = "optax"
version = "0.0.9"
description = "A gradient processing and optimisation library in JAX."
category = "main"
optional = false
python-versions = ">=3.6"

[package.dependencies]
absl-py = ">=0.7.1"
chex = ">=0.0.4"
jax = ">=0.1.55"
jaxlib = ">=0.1.37"
numpy = ">=1.18.0"

[[package]]
name = "pillow"
version = "8.4.0"
description = "Python Imaging Library (Fork)"
category = "main"
optional = false
python-versions = ">=3.6"

[[package]]
name = "scipy"
version = "1.7.2"
description = "SciPy: Scientific Library for Python"
category = "main"
optional = false
python-versions = ">=3.7,<3.11"

[package.dependencies]
numpy = ">=1.16.5,<1.23.0"

[[package]]
name = "six"
version = "1.16.0"
description = "Python 2 and 3 compatibility utilities"
category = "main"
optional = false
python-versions = ">=2.7, !=3.0.*, !=3.1.*, !=3.2.*"

[[package]]
name = "toolz"
version = "0.11.2"
description = "List processing tools and functional utilities"
category = "main"
optional = false
python-versions = ">=3.5"

[[package]]
name = "torch"
version = "1.10.0"
description = "Tensors and Dynamic neural networks in Python with strong GPU acceleration"
category = "main"
optional = false
python-versions = ">=3.6.2"

[package.dependencies]
typing-extensions = "*"

[[package]]
name = "torchvision"
version = "0.11.1"
description = "image and video datasets and models for torch deep learning"
category = "main"
optional = false
python-versions = "*"

[package.dependencies]
numpy = "*"
pillow = ">=5.3.0,<8.3.0 || >8.3.0"
torch = "1.10.0"

[package.extras]
scipy = ["scipy"]

[[package]]
name = "typing-extensions"
version = "3.10.0.2"
description = "Backported and Experimental Type Hints for Python 3.5+"
category = "main"
optional = false
python-versions = "*"

[[package]]
name = "wcwidth"
version = "0.2.5"
description = "Measures the displayed width of unicode strings in a terminal"
category = "main"
optional = false
python-versions = "*"

[metadata]
lock-version = "1.1"
python-versions = ">=3.7,<3.11"
content-hash = "f86d6ff255aa6e65c6dd2fddfda444d905ad01a0de5998085fc82fe614f5a6b9"

[metadata.files]
absl-py = [
    {file = "absl-py-0.15.0.tar.gz", hash = "sha256:72d782fbeafba66ba3e525d46bccac949b9a174dbf66233e50ece09ee688dc81"},
    {file = "absl_py-0.15.0-py3-none-any.whl", hash = "sha256:ea907384af023a7e681368bedb896159ab100c7db593efbbd5cde22af11270cd"},
]
chex = [
    {file = "chex-0.0.8-py3-none-any.whl", hash = "sha256:2be87c875a819676091bda631c6421541fb2342335b430c89cb4b25404f8ddeb"},
    {file = "chex-0.0.8.tar.gz", hash = "sha256:d6ce1329470116b6f172a72b1131bfd4d11fb7eb465e6077c3b36224b5b09fe4"},
]
clip_jax = []
dm-tree = [
    {file = "dm-tree-0.1.6.tar.gz", hash = "sha256:6776404b23b4522c01012ffb314632aba092c9541577004ab153321e87da439a"},
    {file = "dm_tree-0.1.6-cp36-cp36m-macosx_10_14_x86_64.whl", hash = "sha256:a8814a5c838f79e9db22a51369c74f4d92e7f1485ec55d7f665ae4d98478cb4f"},
    {file = "dm_tree-0.1.6-cp36-cp36m-manylinux2014_x86_64.whl", hash = "sha256:e28ba91d3d97230b831716db401ce116ae5c7dcd025161ac16ecb8bd5c870a85"},
    {file = "dm_tree-0.1.6-cp36-cp36m-manylinux_2_24_x86_64.whl", hash = "sha256:603392f1a7818a4f43a7033c2061ae7c2085a4a728171b0bbca76bd107fcdfb0"},
    {file = "dm_tree-0.1.6-cp36-cp36m-win_amd64.whl", hash = "sha256:2c91e472aab5c5e083c12d0a9396bbd7695031348721f709a9c6f2449e53dab6"},
    {file = "dm_tree-0.1.6-cp37-cp37m-macosx_10_14_x86_64.whl", hash = "sha256:889eae86e0d2d4b8da8eb2edc7186b45a5f92e00c8dd77f2a5c8422f03db18f4"},
    {file = "dm_tree-0.1.6-cp37-cp37m-manylinux2014_x86_64.whl", hash = "sha256:2fa9c6e56cbd22cdffec42dc8b20464872b07c4535d8effc537fe0d31930b084"},
    {file = "dm_tree-0.1.6-cp37-cp37m-manylinux_2_24_x86_64.whl", hash = "sha256:c4e8d868fc9a75cbdb67e78069b33e62a4c69bc182c1d2adc29ab08e283912d8"},
    {file = "dm_tree-0.1.6-cp37-cp37m-win_amd64.whl", hash = "sha256:6d5f64d89f657b11f429e13b1378c8cfbe4baef50e7ab31f3689bfe0cf4a2508"},
    {file = "dm_tree-0.1.6-cp38-cp38-macosx_10_14_x86_64.whl", hash = "sha256:8d59c5098456667b28c607110537c86c25cbd0ee455f21d033c60ef2d7f48d81"},
    {file = "dm_tree-0.1.6-cp38-cp38-manylinux2014_x86_64.whl", hash = "sha256:f3bec40e658fe7546c3a56849c743ac9a498e620b3236e82e171801938a56679"},
    {file = "dm_tree-0.1.6-cp38-cp38-manylinux_2_24_x86_64.whl", hash = "sha256:e87d06478356a2d92c3940dedebcd92a14ad37fba10ebb1839c8140693b83c0a"},
    {file = "dm_tree-0.1.6-cp38-cp38-win_amd64.whl", hash = "sha256:02ffa673f20b1756dcf085ef2c354bc59416d843b384c7b71c421f873ffc36c0"},
    {file = "dm_tree-0.1.6-cp39-cp39-macosx_10_14_x86_64.whl", hash = "sha256:affc7a6d29442a143c60efb2f03bcb95424d4fe6168f3d31de892c1e601fa0e6"},
    {file = "dm_tree-0.1.6-cp39-cp39-manylinux2014_x86_64.whl", hash = "sha256:bd347c74254ba320d57b0e102558c1189e3b4ae1bae952f9aef156b5914567c8"},
    {file = "dm_tree-0.1.6-cp39-cp39-manylinux_2_24_x86_64.whl", hash = "sha256:8425454192e954692d9a1e0f7b374b3b7030916b17b6055951dc17d58b6fe1b8"},
    {file = "dm_tree-0.1.6-cp39-cp39-win_amd64.whl", hash = "sha256:5269183f80f1ae37543a2a30a8f78e4b0460d5da74fb5ac42dc8a476ef8d707e"},
]
einops = [
    {file = "einops-0.3.2-py3-none-any.whl", hash = "sha256:285f3c75620897acb8b5580170c88121f010c77ce130bc7b9f220179009dafe0"},
    {file = "einops-0.3.2.tar.gz", hash = "sha256:5200e413539f0377f4177ef00dc019968f4177c49b1db3e836c7883df2a5fe2e"},
]
flatbuffers = [
    {file = "flatbuffers-2.0-py2.py3-none-any.whl", hash = "sha256:3751954f0604580d3219ae49a85fafec9d85eec599c0b96226e1bc0b48e57474"},
    {file = "flatbuffers-2.0.tar.gz", hash = "sha256:12158ab0272375eab8db2d663ae97370c33f152b27801fa6024e1d6105fd4dd2"},
]
ftfy = [
    {file = "ftfy-6.0.3.tar.gz", hash = "sha256:ba71121a9c8d7790d3e833c6c1021143f3e5c4118293ec3afb5d43ed9ca8e72b"},
]
jax = [
    {file = "jax-0.2.24.tar.gz", hash = "sha256:ad09da2fad41121a4c0bbb15d548f4349dd0f1d6ef90fc3d7f62139c23a979bb"},
]
jaxlib = [
    {file = "jaxlib-0.1.73-cp37-none-macosx_10_9_x86_64.whl", hash = "sha256:603c55d19373714cb63ffcca3c8e47274b3350cd54853b4477ab65a9e6b380b0"},
    {file = "jaxlib-0.1.73-cp37-none-manylinux2010_x86_64.whl", hash = "sha256:f4a87bad78bb5e3b3ac9f926eab9107dfa42af53445da6b0aad3f6e8b473045c"},
    {file = "jaxlib-0.1.73-cp38-none-macosx_10_9_x86_64.whl", hash = "sha256:b641fe676d45381d275caf763cab24caa3693e3ef12516f9454fbe1c8a825fff"},
    {file = "jaxlib-0.1.73-cp38-none-manylinux2010_x86_64.whl", hash = "sha256:abed40752b3f628db4beb0d551fe572d70cac68fa4e5e5456f0ad3e50b8d8199"},
    {file = "jaxlib-0.1.73-cp39-none-macosx_10_9_x86_64.whl", hash = "sha256:e9da681fdfd107e2b4e6a8d39e54e266cce5e98f7f4ff1ddb46b57d56be0d83d"},
    {file = "jaxlib-0.1.73-cp39-none-macosx_11_0_arm64.whl", hash = "sha256:58317bf29cef080759edd1967bc3db273b4f845e06a3952d1e86facdb59ef745"},
    {file = "jaxlib-0.1.73-cp39-none-manylinux2010_x86_64.whl", hash = "sha256:5ddffa1c72136967254913693b7e024b501320ac1a51848944f3fc5d5a91d075"},
]
numpy = [
    {file = "numpy-1.21.4-cp310-cp310-macosx_10_9_universal2.whl", hash = "sha256:8890b3360f345e8360133bc078d2dacc2843b6ee6059b568781b15b97acbe39f"},
    {file = "numpy-1.21.4-cp310-cp310-macosx_10_9_x86_64.whl", hash = "sha256:69077388c5a4b997442b843dbdc3a85b420fb693ec8e33020bb24d647c164fa5"},
    {file = "numpy-1.21.4-cp310-cp310-macosx_11_0_arm64.whl", hash = "sha256:e89717274b41ebd568cd7943fc9418eeb49b1785b66031bc8a7f6300463c5898"},
    {file = "numpy-1.21.4-cp310-cp310-manylinux_2_17_aarch64.manylinux2014_aarch64.whl", hash = "sha256:0b78ecfa070460104934e2caf51694ccd00f37d5e5dbe76f021b1b0b0d221823"},
    {file = "numpy-1.21.4-cp310-cp310-manylinux_2_17_x86_64.manylinux2014_x86_64.whl", hash = "sha256:615d4e328af7204c13ae3d4df7615a13ff60a49cb0d9106fde07f541207883ca"},
    {file = "numpy-1.21.4-cp310-cp310-win_amd64.whl", hash = "sha256:1403b4e2181fc72664737d848b60e65150f272fe5a1c1cbc16145ed43884065a"},
    {file = "numpy-1.21.4-cp37-cp37m-macosx_10_9_x86_64.whl", hash = "sha256:74b85a17528ca60cf98381a5e779fc0264b4a88b46025e6bcbe9621f46bb3e63"},
    {file = "numpy-1.21.4-cp37-cp37m-manylinux_2_12_i686.manylinux2010_i686.whl", hash = "sha256:92aafa03da8658609f59f18722b88f0a73a249101169e28415b4fa148caf7e41"},
    {file = "numpy-1.21.4-cp37-cp37m-manylinux_2_12_x86_64.manylinux2010_x86_64.whl", hash = "sha256:5d95668e727c75b3f5088ec7700e260f90ec83f488e4c0aaccb941148b2cd377"},
    {file = "numpy-1.21.4-cp37-cp37m-manylinux_2_17_aarch64.manylinux2014_aarch64.whl", hash = "sha256:f5162ec777ba7138906c9c274353ece5603646c6965570d82905546579573f73"},
    {file = "numpy-1.21.4-cp37-cp37m-win32.whl", hash = "sha256:81225e58ef5fce7f1d80399575576fc5febec79a8a2742e8ef86d7b03beef49f"},
    {file = "numpy-1.21.4-cp37-cp37m-win_amd64.whl", hash = "sha256:32fe5b12061f6446adcbb32cf4060a14741f9c21e15aaee59a207b6ce6423469"},
    {file = "numpy-1.21.4-cp38-cp38-macosx_10_9_universal2.whl", hash = "sha256:c449eb870616a7b62e097982c622d2577b3dbc800aaf8689254ec6e0197cbf1e"},
    {file = "numpy-1.21.4-cp38-cp38-macosx_10_9_x86_64.whl", hash = "sha256:2e4ed57f45f0aa38beca2a03b6532e70e548faf2debbeb3291cfc9b315d9be8f"},
    {file = "numpy-1.21.4-cp38-cp38-macosx_11_0_arm64.whl", hash = "sha256:1247ef28387b7bb7f21caf2dbe4767f4f4175df44d30604d42ad9bd701ebb31f"},
    {file = "numpy-1.21.4-cp38-cp38-manylinux_2_12_i686.manylinux2010_i686.whl", hash = "sha256:34f3456f530ae8b44231c63082c8899fe9c983fd9b108c997c4b1c8c2d435333"},
    {file = "numpy-1.21.4-cp38-cp38-manylinux_2_12_x86_64.manylinux2010_x86_64.whl", hash = "sha256:4c9c23158b87ed0e70d9a50c67e5c0b3f75bcf2581a8e34668d4e9d7474d76c6"},
    {file = "numpy-1.21.4-cp38-cp38-manylinux_2_17_aarch64.manylinux2014_aarch64.whl", hash = "sha256:e4799be6a2d7d3c33699a6f77201836ac975b2e1b98c2a07f66a38f499cb50ce"},
    {file = "numpy-1.21.4-cp38-cp38-win32.whl", hash = "sha256:bc988afcea53e6156546e5b2885b7efab089570783d9d82caf1cfd323b0bb3dd"},
    {file = "numpy-1.21.4-cp38-cp38-win_amd64.whl", hash = "sha256:170b2a0805c6891ca78c1d96ee72e4c3ed1ae0a992c75444b6ab20ff038ba2cd"},
    {file = "numpy-1.21.4-cp39-cp39-macosx_10_9_universal2.whl", hash = "sha256:fde96af889262e85aa033f8ee1d3241e32bf36228318a61f1ace579df4e8170d"},
    {file = "numpy-1.21.4-cp39-cp39-macosx_10_9_x86_64.whl", hash = "sha256:c885bfc07f77e8fee3dc879152ba993732601f1f11de248d4f357f0ffea6a6d4"},
    {file = "numpy-1.21.4-cp39-cp39-macosx_11_0_arm64.whl", hash = "sha256:9e6f5f50d1eff2f2f752b3089a118aee1ea0da63d56c44f3865681009b0af162"},
    {file = "numpy-1.21.4-cp39-cp39-manylinux_2_12_i686.manylinux2010_i686.whl", hash = "sha256:ad010846cdffe7ec27e3f933397f8a8d6c801a48634f419e3d075db27acf5880"},
    {file = "numpy-1.21.4-cp39-cp39-manylinux_2_12_x86_64.manylinux2010_x86_64.whl", hash = "sha256:c74c699b122918a6c4611285cc2cad4a3aafdb135c22a16ec483340ef97d573c"},
    {file = "numpy-1.21.4-cp39-cp39-manylinux_2_17_aarch64.manylinux2014_aarch64.whl", hash = "sha256:9864424631775b0c052f3bd98bc2712d131b3e2cd95d1c0c68b91709170890b0"},
    {file = "numpy-1.21.4-cp39-cp39-win32.whl", hash = "sha256:b1e2312f5b8843a3e4e8224b2b48fe16119617b8fc0a54df8f50098721b5bed2"},
    {file = "numpy-1.21.4-cp39-cp39-win_amd64.whl", hash = "sha256:e3c3e990274444031482a31280bf48674441e0a5b55ddb168f3a6db3e0c38ec8"},
    {file = "numpy-1.21.4-pp37-pypy37_pp73-manylinux_2_12_x86_64.manylinux2010_x86_64.whl", hash = "sha256:a3deb31bc84f2b42584b8c4001c85d1934dbfb4030827110bc36bfd11509b7bf"},
    {file = "numpy-1.21.4.zip", hash = "sha256:e6c76a87633aa3fa16614b61ccedfae45b91df2767cf097aa9c933932a7ed1e0"},
]
opt-einsum = [
    {file = "opt_einsum-3.3.0-py3-none-any.whl", hash = "sha256:2455e59e3947d3c275477df7f5205b30635e266fe6dc300e3d9f9646bfcea147"},
    {file = "opt_einsum-3.3.0.tar.gz", hash = "sha256:59f6475f77bbc37dcf7cd748519c0ec60722e91e63ca114e68821c0c54a46549"},
]
optax = [
    {file = "optax-0.0.9-py3-none-any.whl", hash = "sha256:69ad9e19a1bb2a1825aba88abceb6cd65250a1bae63b243e9f2b99766784eea5"},
    {file = "optax-0.0.9.tar.gz", hash = "sha256:29379580b32fcd9d7f4262de5680139b76abcb1b8cf526d1f774375d6dacfb2b"},
]
pillow = [
    {file = "Pillow-8.4.0-cp310-cp310-macosx_10_10_universal2.whl", hash = "sha256:81f8d5c81e483a9442d72d182e1fb6dcb9723f289a57e8030811bac9ea3fef8d"},
    {file = "Pillow-8.4.0-cp310-cp310-macosx_11_0_arm64.whl", hash = "sha256:3f97cfb1e5a392d75dd8b9fd274d205404729923840ca94ca45a0af57e13dbe6"},
    {file = "Pillow-8.4.0-cp310-cp310-manylinux_2_17_aarch64.manylinux2014_aarch64.whl", hash = "sha256:eb9fc393f3c61f9054e1ed26e6fe912c7321af2f41ff49d3f83d05bacf22cc78"},
    {file = "Pillow-8.4.0-cp310-cp310-manylinux_2_17_i686.manylinux2014_i686.whl", hash = "sha256:d82cdb63100ef5eedb8391732375e6d05993b765f72cb34311fab92103314649"},
    {file = "Pillow-8.4.0-cp310-cp310-manylinux_2_17_x86_64.manylinux2014_x86_64.whl", hash = "sha256:62cc1afda735a8d109007164714e73771b499768b9bb5afcbbee9d0ff374b43f"},
    {file = "Pillow-8.4.0-cp310-cp310-win32.whl", hash = "sha256:e3dacecfbeec9a33e932f00c6cd7996e62f53ad46fbe677577394aaa90ee419a"},
    {file = "Pillow-8.4.0-cp310-cp310-win_amd64.whl", hash = "sha256:620582db2a85b2df5f8a82ddeb52116560d7e5e6b055095f04ad828d1b0baa39"},
    {file = "Pillow-8.4.0-cp36-cp36m-macosx_10_10_x86_64.whl", hash = "sha256:1bc723b434fbc4ab50bb68e11e93ce5fb69866ad621e3c2c9bdb0cd70e345f55"},
    {file = "Pillow-8.4.0-cp36-cp36m-manylinux_2_17_aarch64.manylinux2014_aarch64.whl", hash = "sha256:72cbcfd54df6caf85cc35264c77ede902452d6df41166010262374155947460c"},
    {file = "Pillow-8.4.0-cp36-cp36m-manylinux_2_17_i686.manylinux2014_i686.whl", hash = "sha256:70ad9e5c6cb9b8487280a02c0ad8a51581dcbbe8484ce058477692a27c151c0a"},
    {file = "Pillow-8.4.0-cp36-cp36m-manylinux_2_17_x86_64.manylinux2014_x86_64.whl", hash = "sha256:25a49dc2e2f74e65efaa32b153527fc5ac98508d502fa46e74fa4fd678ed6645"},
    {file = "Pillow-8.4.0-cp36-cp36m-win32.whl", hash = "sha256:93ce9e955cc95959df98505e4608ad98281fff037350d8c2671c9aa86bcf10a9"},
    {file = "Pillow-8.4.0-cp36-cp36m-win_amd64.whl", hash = "sha256:2e4440b8f00f504ee4b53fe30f4e381aae30b0568193be305256b1462216feff"},
    {file = "Pillow-8.4.0-cp37-cp37m-macosx_10_10_x86_64.whl", hash = "sha256:8c803ac3c28bbc53763e6825746f05cc407b20e4a69d0122e526a582e3b5e153"},
    {file = "Pillow-8.4.0-cp37-cp37m-manylinux_2_17_aarch64.manylinux2014_aarch64.whl", hash = "sha256:c8a17b5d948f4ceeceb66384727dde11b240736fddeda54ca740b9b8b1556b29"},
    {file = "Pillow-8.4.0-cp37-cp37m-manylinux_2_17_i686.manylinux2014_i686.whl", hash = "sha256:1394a6ad5abc838c5cd8a92c5a07535648cdf6d09e8e2d6df916dfa9ea86ead8"},
    {file = "Pillow-8.4.0-cp37-cp37m-manylinux_2_17_x86_64.manylinux2014_x86_64.whl", hash = "sha256:792e5c12376594bfcb986ebf3855aa4b7c225754e9a9521298e460e92fb4a488"},
    {file = "Pillow-8.4.0-cp37-cp37m-win32.whl", hash = "sha256:d99ec152570e4196772e7a8e4ba5320d2d27bf22fdf11743dd882936ed64305b"},
    {file = "Pillow-8.4.0-cp37-cp37m-win_amd64.whl", hash = "sha256:7b7017b61bbcdd7f6363aeceb881e23c46583739cb69a3ab39cb384f6ec82e5b"},
    {file = "Pillow-8.4.0-cp38-cp38-macosx_10_10_x86_64.whl", hash = "sha256:d89363f02658e253dbd171f7c3716a5d340a24ee82d38aab9183f7fdf0cdca49"},
    {file = "Pillow-8.4.0-cp38-cp38-macosx_11_0_arm64.whl", hash = "sha256:0a0956fdc5defc34462bb1c765ee88d933239f9a94bc37d132004775241a7585"},
    {file = "Pillow-8.4.0-cp38-cp38-manylinux_2_17_aarch64.manylinux2014_aarch64.whl", hash = "sha256:5b7bb9de00197fb4261825c15551adf7605cf14a80badf1761d61e59da347779"},
    {file = "Pillow-8.4.0-cp38-cp38-manylinux_2_17_i686.manylinux2014_i686.whl", hash = "sha256:72b9e656e340447f827885b8d7a15fc8c4e68d410dc2297ef6787eec0f0ea409"},
    {file = "Pillow-8.4.0-cp38-cp38-manylinux_2_17_x86_64.manylinux2014_x86_64.whl", hash = "sha256:a5a4532a12314149d8b4e4ad8ff09dde7427731fcfa5917ff16d0291f13609df"},
    {file = "Pillow-8.4.0-cp38-cp38-win32.whl", hash = "sha256:82aafa8d5eb68c8463b6e9baeb4f19043bb31fefc03eb7b216b51e6a9981ae09"},
    {file = "Pillow-8.4.0-cp38-cp38-win_amd64.whl", hash = "sha256:066f3999cb3b070a95c3652712cffa1a748cd02d60ad7b4e485c3748a04d9d76"},
    {file = "Pillow-8.4.0-cp39-cp39-macosx_10_10_x86_64.whl", hash = "sha256:5503c86916d27c2e101b7f71c2ae2cddba01a2cf55b8395b0255fd33fa4d1f1a"},
    {file = "Pillow-8.4.0-cp39-cp39-macosx_11_0_arm64.whl", hash = "sha256:4acc0985ddf39d1bc969a9220b51d94ed51695d455c228d8ac29fcdb25810e6e"},
    {file = "Pillow-8.4.0-cp39-cp39-manylinux_2_17_aarch64.manylinux2014_aarch64.whl", hash = "sha256:0b052a619a8bfcf26bd8b3f48f45283f9e977890263e4571f2393ed8898d331b"},
    {file = "Pillow-8.4.0-cp39-cp39-manylinux_2_17_i686.manylinux2014_i686.whl", hash = "sha256:493cb4e415f44cd601fcec11c99836f707bb714ab03f5ed46ac25713baf0ff20"},
    {file = "Pillow-8.4.0-cp39-cp39-manylinux_2_17_x86_64.manylinux2014_x86_64.whl", hash = "sha256:b8831cb7332eda5dc89b21a7bce7ef6ad305548820595033a4b03cf3091235ed"},
    {file = "Pillow-8.4.0-cp39-cp39-win32.whl", hash = "sha256:5e9ac5f66616b87d4da618a20ab0a38324dbe88d8a39b55be8964eb520021e02"},
    {file = "Pillow-8.4.0-cp39-cp39-win_amd64.whl", hash = "sha256:3eb1ce5f65908556c2d8685a8f0a6e989d887ec4057326f6c22b24e8a172c66b"},
    {file = "Pillow-8.4.0-pp36-pypy36_pp73-macosx_10_10_x86_64.whl", hash = "sha256:ddc4d832a0f0b4c52fff973a0d44b6c99839a9d016fe4e6a1cb8f3eea96479c2"},
    {file = "Pillow-8.4.0-pp36-pypy36_pp73-manylinux_2_17_i686.manylinux2014_i686.whl", hash = "sha256:9a3e5ddc44c14042f0844b8cf7d2cd455f6cc80fd7f5eefbe657292cf601d9ad"},
    {file = "Pillow-8.4.0-pp36-pypy36_pp73-manylinux_2_17_x86_64.manylinux2014_x86_64.whl", hash = "sha256:c70e94281588ef053ae8998039610dbd71bc509e4acbc77ab59d7d2937b10698"},
    {file = "Pillow-8.4.0-pp37-pypy37_pp73-macosx_10_10_x86_64.whl", hash = "sha256:3862b7256046fcd950618ed22d1d60b842e3a40a48236a5498746f21189afbbc"},
    {file = "Pillow-8.4.0-pp37-pypy37_pp73-manylinux_2_17_i686.manylinux2014_i686.whl", hash = "sha256:a4901622493f88b1a29bd30ec1a2f683782e57c3c16a2dbc7f2595ba01f639df"},
    {file = "Pillow-8.4.0-pp37-pypy37_pp73-manylinux_2_17_x86_64.manylinux2014_x86_64.whl", hash = "sha256:84c471a734240653a0ec91dec0996696eea227eafe72a33bd06c92697728046b"},
    {file = "Pillow-8.4.0-pp37-pypy37_pp73-win_amd64.whl", hash = "sha256:244cf3b97802c34c41905d22810846802a3329ddcb93ccc432870243211c79fc"},
    {file = "Pillow-8.4.0.tar.gz", hash = "sha256:b8e2f83c56e141920c39464b852de3719dfbfb6e3c99a2d8da0edf4fb33176ed"},
]
scipy = [
    {file = "scipy-1.7.2-1-cp310-cp310-win_amd64.whl", hash = "sha256:dc2d1bf41294e63c7302bf499973ac0c7f73c93c01763db43055f6525234bf11"},
    {file = "scipy-1.7.2-cp310-cp310-macosx_10_9_x86_64.whl", hash = "sha256:97eb573e361a73a553b915dc195c6f72a08249964b1a33f157f9659f3b6210d1"},
    {file = "scipy-1.7.2-cp310-cp310-manylinux_2_17_aarch64.manylinux2014_aarch64.whl", hash = "sha256:359b60a0cccd17723b9d5e329a5212a710e771a3ddde800e472fb93732756c46"},
    {file = "scipy-1.7.2-cp310-cp310-manylinux_2_17_x86_64.manylinux2014_x86_64.whl", hash = "sha256:82c5befebf54d799d77e5f0205c03030f57f69ba2541baa44d2e6ad138c28cd3"},
    {file = "scipy-1.7.2-cp310-cp310-win_amd64.whl", hash = "sha256:54951f51d731c832b1b8885e0a92e89f33d087de7e40d02078bf0d49c7cbdbb5"},
    {file = "scipy-1.7.2-cp37-cp37m-macosx_10_9_x86_64.whl", hash = "sha256:30bdda199667e74b50208a793eb1ba47a04e5e3fa16f5ff06c6f7969ae78e4da"},
    {file = "scipy-1.7.2-cp37-cp37m-manylinux_2_12_i686.manylinux2010_i686.whl", hash = "sha256:e3efe7ef75dfe627b354ab0af0dbc918eadee97cc80ff1aabea6d3e01114ebdd"},
    {file = "scipy-1.7.2-cp37-cp37m-manylinux_2_12_x86_64.manylinux2010_x86_64.whl", hash = "sha256:17fd991a275e4283453f89d404209aa92059ac68d76d804b4bc1716a3742e1b5"},
    {file = "scipy-1.7.2-cp37-cp37m-manylinux_2_17_aarch64.manylinux2014_aarch64.whl", hash = "sha256:74f518ce542533054695f743e4271cb8986b63f95bb51d70fcee4f3929cbff7d"},
    {file = "scipy-1.7.2-cp37-cp37m-win32.whl", hash = "sha256:1437073f1d4664990879aa8f9547524764372e0fef84a077be4b19e82bba7a8d"},
    {file = "scipy-1.7.2-cp37-cp37m-win_amd64.whl", hash = "sha256:39f838ea5ce8da868785193d88d05cf5a6d5c390804ec99de29a28e1dcdd53e6"},
    {file = "scipy-1.7.2-cp38-cp38-macosx_10_9_x86_64.whl", hash = "sha256:e08b81fcd9bf98740b58dc6fdd7879e33a64dcb682201c1135f7d4a75216bb05"},
    {file = "scipy-1.7.2-cp38-cp38-manylinux_2_12_i686.manylinux2010_i686.whl", hash = "sha256:7b1d0f5f524518f1a86f288443528e4ff4a739c0966db663af4129b7ac7849f8"},
    {file = "scipy-1.7.2-cp38-cp38-manylinux_2_17_aarch64.manylinux2014_aarch64.whl", hash = "sha256:cac71d5476a6f56b50459da21f6221707e0051ebd428b2137db32ef4a43bb15e"},
    {file = "scipy-1.7.2-cp38-cp38-manylinux_2_17_x86_64.manylinux2014_x86_64.whl", hash = "sha256:4d175ba93e00d8eef8f7cd70d4d88a9106a86800c82ea03cf2268c36d6545483"},
    {file = "scipy-1.7.2-cp38-cp38-win32.whl", hash = "sha256:8b5726a0fedeaa6beb1095e4466998bdd1d1e960b28db9b5a16c89cbd7b2ebf1"},
    {file = "scipy-1.7.2-cp38-cp38-win_amd64.whl", hash = "sha256:8482c8e45857ab0a5446eb7460d2307a27cbbe659d6d2257820c6d6eb950fd0f"},
    {file = "scipy-1.7.2-cp39-cp39-macosx_10_9_x86_64.whl", hash = "sha256:1ea6233f5a365cb7945b4304bd06323ece3ece85d6a3fa8598d2f53e513467c9"},
    {file = "scipy-1.7.2-cp39-cp39-manylinux_2_12_i686.manylinux2010_i686.whl", hash = "sha256:d86abd1ddf421dea5e9cebfeb4de0d205b3dc04e78249afedba9c6c3b2227ff2"},
    {file = "scipy-1.7.2-cp39-cp39-manylinux_2_17_aarch64.manylinux2014_aarch64.whl", hash = "sha256:2d25272c03ee3c0fe5e0dff1bb7889280bb6c9e1766fa9c7bde81ad8a5f78694"},
    {file = "scipy-1.7.2-cp39-cp39-manylinux_2_17_x86_64.manylinux2014_x86_64.whl", hash = "sha256:5273d832fb9cd5724ee0d335c16a903b923441107dd973d27fc4293075a9f4e3"},
    {file = "scipy-1.7.2-cp39-cp39-win32.whl", hash = "sha256:87cf3964db0f1cce17aeed5bfc1b89a6b4b07dbfc48e50d21fa3549e00456803"},
    {file = "scipy-1.7.2-cp39-cp39-win_amd64.whl", hash = "sha256:a80eb01c43fd98257ec7a49ff5cec0edba32031b5f86503f55399a48cb2c5379"},
    {file = "scipy-1.7.2.tar.gz", hash = "sha256:fa2dbabaaecdb502641b0b3c00dec05fb475ae48655c66da16c9ed24eda1e711"},
]
six = [
    {file = "six-1.16.0-py2.py3-none-any.whl", hash = "sha256:8abb2f1d86890a2dfb989f9a77cfcfd3e47c2a354b01111771326f8aa26e0254"},
    {file = "six-1.16.0.tar.gz", hash = "sha256:1e61c37477a1626458e36f7b1d82aa5c9b094fa4802892072e49de9c60c4c926"},
]
toolz = [
    {file = "toolz-0.11.2-py3-none-any.whl", hash = "sha256:a5700ce83414c64514d82d60bcda8aabfde092d1c1a8663f9200c07fdcc6da8f"},
    {file = "toolz-0.11.2.tar.gz", hash = "sha256:6b312d5e15138552f1bda8a4e66c30e236c831b612b2bf0005f8a1df10a4bc33"},
]
torch = [
    {file = "torch-1.10.0-cp36-cp36m-manylinux1_x86_64.whl", hash = "sha256:56022b0ce94c54e95a2f63fc5a1494feb1fc3d5c7a9b35a62944651d03edef05"},
    {file = "torch-1.10.0-cp36-cp36m-manylinux2014_aarch64.whl", hash = "sha256:13e1ffab502aa32d6841a018771b47028d02dbbc685c5b79cfd61db5464dae4e"},
    {file = "torch-1.10.0-cp36-cp36m-win_amd64.whl", hash = "sha256:3c0a942e0df104c80b0eedc30d2a19cdc3d28601bc6e280bf24b2e6255016d3b"},
    {file = "torch-1.10.0-cp36-none-macosx_10_9_x86_64.whl", hash = "sha256:eea16c01af1980ba709c00e8d5e6c09bedb5b30f9fa2085f6a52a78d7dc4e125"},
    {file = "torch-1.10.0-cp37-cp37m-manylinux1_x86_64.whl", hash = "sha256:b812e8d40d7037748da40bb695bd849e7b2e7faad4cd06df53d2cc4531926fda"},
    {file = "torch-1.10.0-cp37-cp37m-manylinux2014_aarch64.whl", hash = "sha256:034df0b20603bfc81325094586647302891b9b20be7e36f152c7dd6af00deac1"},
    {file = "torch-1.10.0-cp37-cp37m-win_amd64.whl", hash = "sha256:67fc509e207b8e7330f2e76e77800950317d31d035a4d19593db991962afead4"},
    {file = "torch-1.10.0-cp37-none-macosx_10_9_x86_64.whl", hash = "sha256:4499055547087d7ef7e8a754f09c2c4f1470297ae3e5490363dba66c75501b21"},
    {file = "torch-1.10.0-cp38-cp38-manylinux1_x86_64.whl", hash = "sha256:ab0cf330714c8f79a837c04784a7a5658b014cf5a4ca527e7b710155ae519cdf"},
    {file = "torch-1.10.0-cp38-cp38-manylinux2014_aarch64.whl", hash = "sha256:e01ba5946267014abfdb30248bcdbd457aaa20cff749febe7fc191e5ae096af4"},
    {file = "torch-1.10.0-cp38-cp38-win_amd64.whl", hash = "sha256:9013002adcb42bac05dcdbf0a03dd9f6bb5d7ab8b9817041c1176a014870786b"},
    {file = "torch-1.10.0-cp38-none-macosx_10_9_x86_64.whl", hash = "sha256:aef7afb62e9b174b4e0e5e1e4a42e3bab3b8490a668d666f62f7d4517559fbf2"},
    {file = "torch-1.10.0-cp39-cp39-manylinux1_x86_64.whl", hash = "sha256:d82e68302c9b5c76ed585e04d61be0ca2184f70cb8ffeba8610570609ad5d7c9"},
    {file = "torch-1.10.0-cp39-cp39-manylinux2014_aarch64.whl", hash = "sha256:e5822200bf80a1495ad98a2bb41803eeba4a85ce373e35fc65765f7f888f5374"},
    {file = "torch-1.10.0-cp39-cp39-win_amd64.whl", hash = "sha256:ca2c88fa4376e2648785029ab108e6e7abd784eb6535fc6036004b9254f9f7c1"},
    {file = "torch-1.10.0-cp39-none-macosx_10_9_x86_64.whl", hash = "sha256:d6ef87470b44df9970e84542547d5ba7720bb89616602441df555a39b124e2bc"},
]
torchvision = [
    {file = "torchvision-0.11.1-cp36-cp36m-macosx_10_9_x86_64.whl", hash = "sha256:597d82e9b186f59695ea19ff96d4b46b74f0be52227b0a77d7cf9a9d20e6801c"},
    {file = "torchvision-0.11.1-cp36-cp36m-manylinux1_x86_64.whl", hash = "sha256:b56285c3da0abd11cdf86cad82c4aebbb57ab6975673a4f87d686c612dda66b7"},
    {file = "torchvision-0.11.1-cp36-cp36m-manylinux2014_aarch64.whl", hash = "sha256:75ea4c021e348315a655b3f94734d9ddaf5650a7ace53759dff38a13469c7cfa"},
    {file = "torchvision-0.11.1-cp36-cp36m-win_amd64.whl", hash = "sha256:0c3bb474e298f3655f419e0f13a0c1ca0ef89f43e0f3f7b7ef603f3f1728543a"},
    {file = "torchvision-0.11.1-cp37-cp37m-macosx_10_9_x86_64.whl", hash = "sha256:1fde05a1cc41f1fa3771723aad2435eb745513534209e51b349b009769895586"},
    {file = "torchvision-0.11.1-cp37-cp37m-manylinux1_x86_64.whl", hash = "sha256:3c1ba63eaf36d8dff7e0326dc61a73dbb100530ad4231c56427002689cada00b"},
    {file = "torchvision-0.11.1-cp37-cp37m-manylinux2014_aarch64.whl", hash = "sha256:f0be815759290ad81cafdab17973b040f8317fc59c740ad67948ebb9271e763c"},
    {file = "torchvision-0.11.1-cp37-cp37m-win_amd64.whl", hash = "sha256:7d28c1cd3f8f470c5faf46b426969d9db1113aa9414fc5a3056e20c7cf91a746"},
    {file = "torchvision-0.11.1-cp38-cp38-macosx_10_9_x86_64.whl", hash = "sha256:73fae784c31a5ec7ddddefe0ba36ff3fac5131dc9c8babae3fab4ea9885b682a"},
    {file = "torchvision-0.11.1-cp38-cp38-manylinux1_x86_64.whl", hash = "sha256:4e41b0a35587d2284468eddff31642704d4b218ea0e5505bb60881a94d2688e6"},
    {file = "torchvision-0.11.1-cp38-cp38-manylinux2014_aarch64.whl", hash = "sha256:5dec0014240f93c17837b37a194c6a35ba99da9c3b7c5b8341f7fb2bcc676e04"},
    {file = "torchvision-0.11.1-cp38-cp38-win_amd64.whl", hash = "sha256:99c92a02832e84e51c47e303a76e57e09776abf5009b046e9269ea7387d5aadb"},
    {file = "torchvision-0.11.1-cp39-cp39-macosx_10_9_x86_64.whl", hash = "sha256:18f9e1d571be810ee9a4b8604f88748e5eb4e545171f0167ad734bf080eacf2d"},
    {file = "torchvision-0.11.1-cp39-cp39-manylinux1_x86_64.whl", hash = "sha256:6ac7aa49f81cdab4176131c3004bc86a5e5525d0be430172c78e6e2bb604e675"},
    {file = "torchvision-0.11.1-cp39-cp39-manylinux2014_aarch64.whl", hash = "sha256:8bb26e3856f163d9fe9287ad19105e93368e1c1d70d58101a9370d0acdb12865"},
    {file = "torchvision-0.11.1-cp39-cp39-win_amd64.whl", hash = "sha256:11e0b162f7a8ee7fa959b9e0f2a15fb858af0b2e6f79f5a0527db55327241d26"},
]
typing-extensions = [
    {file = "typing_extensions-3.10.0.2-py2-none-any.whl", hash = "sha256:d8226d10bc02a29bcc81df19a26e56a9647f8b0a6d4a83924139f4a8b01f17b7"},
    {file = "typing_extensions-3.10.0.2-py3-none-any.whl", hash = "sha256:f1d25edafde516b146ecd0613dabcc61409817af4766fbbcfb8d1ad4ec441a34"},
    {file = "typing_extensions-3.10.0.2.tar.gz", hash = "sha256:49f75d16ff11f1cd258e1b988ccff82a3ca5570217d7ad8c5f48205dd99a677e"},
]
wcwidth = [
    {file = "wcwidth-0.2.5-py2.py3-none-any.whl", hash = "sha256:beb4802a9cebb9144e99086eff703a642a13d6a0052920003a230f3294bbe784"},
    {file = "wcwidth-0.2.5.tar.gz", hash = "sha256:c4d647b99872929fdb7bdcaa4fbe7f01413ed3d98077df798530e5b04f116c83"},
]
